
Microsoft Visual Studio Solution File, Format Version 12.00
# Visual Studio Version 17
VisualStudioVersion = 17.14.36310.24 d17.14
MinimumVisualStudioVersion = 10.0.40219.1
Project("{FAE04EC0-301F-11D3-BF4B-00C04F79EFBC}") = "WebApplication1", "WebApplication1.csproj", "{7D9D12D7-257E-4879-B48D-75A9B70CF651}"
EndProject
Global
	GlobalSection(SolutionConfigurationPlatforms) = preSolution
		Debug|Any CPU = Debug|Any CPU
		Release|Any CPU = Release|Any CPU
	EndGlobalSection
	GlobalSection(ProjectConfigurationPlatforms) = postSolution
		{7D9D12D7-257E-4879-B48D-75A9B70CF651}.Debug|Any CPU.ActiveCfg = Debug|Any CPU
		{7D9D12D7-257E-4879-B48D-75A9B70CF651}.Debug|Any CPU.Build.0 = Debug|Any CPU
		{7D9D12D7-257E-4879-B48D-75A9B70CF651}.Release|Any CPU.ActiveCfg = Release|Any CPU
		{7D9D12D7-257E-4879-B48D-75A9B70CF651}.Release|Any CPU.Build.0 = Release|Any CPU
	EndGlobalSection
	GlobalSection(SolutionProperties) = preSolution
		HideSolutionNode = FALSE
	EndGlobalSection
	GlobalSection(ExtensibilityGlobals) = postSolution
		SolutionGuid = {F2CF10F3-8284-4683-88C4-E90678F7AF5E}
	EndGlobalSection
EndGlobal
